<?xml version="1.0" encoding="utf-8"?>
<Project ToolsVersion="4.0" xmlns="http://schemas.microsoft.com/developer/msbuild/2003">
  <ItemGroup>
    <Filter Include="Source Files">
      <UniqueIdentifier>{4FC737F1-C7A5-4376-A066-2A32D752A2FF}</UniqueIdentifier>
      <Extensions>cpp;c;cc;cxx;c++;cppm;ixx;def;odl;idl;hpj;bat;asm;asmx</Extensions>
    </Filter>
    <Filter Include="Header Files">
      <UniqueIdentifier>{93995380-89BD-4b04-88EB-625FBE52EBFB}</UniqueIdentifier>
      <Extensions>h;hh;hpp;hxx;h++;hm;inl;inc;ipp;xsd</Extensions>
    </Filter>
    <Filter Include="Resource Files">
      <UniqueIdentifier>{67DA6AB6-F800-4c08-8B7A-83BB121AAD01}</UniqueIdentifier>
      <Extensions>rc;ico;cur;bmp;dlg;rc2;rct;bin;rgs;gif;jpg;jpeg;jpe;resx;tiff;tif;png;wav;mfcribbon-ms</Extensions>
    </Filter>
    <Filter Include="Header Files\Graphics">
      <UniqueIdentifier>{d431ddfc-217d-482e-9fcc-7d34dcc006e8}</UniqueIdentifier>
    </Filter>
    <Filter Include="Header Files\Input">
      <UniqueIdentifier>{e95ed5ae-2394-4f8c-8a33-f9e9a0b40035}</UniqueIdentifier>
    </Filter>
    <Filter Include="Source Files\Graphics">
      <UniqueIdentifier>{cb44eb3a-9861-446e-b999-abfa5d982ca3}</UniqueIdentifier>
    </Filter>
    <Filter Include="Source Files\Input">
      <UniqueIdentifier>{c2a9f683-33d3-45c2-9cd4-99adca86c616}</UniqueIdentifier>
    </Filter>
    <Filter Include="Header Files\Utility">
      <UniqueIdentifier>{6e87fdc6-13ba-4c8a-92b1-00b15cf121f9}</UniqueIdentifier>
    </Filter>
    <Filter Include="Source Files\Utility">
      <UniqueIdentifier>{1a9f9599-2fa0-4e17-85a1-6dde63374503}</UniqueIdentifier>
    </Filter>
    <Filter Include="Header Files\Game">
      <UniqueIdentifier>{79bbc814-73f8-4bd9-842e-bc97b9036052}</UniqueIdentifier>
    </Filter>
    <Filter Include="Source Files\Game">
      <UniqueIdentifier>{0dc5616e-ae58-417b-81fc-3af9f05e6eb3}</UniqueIdentifier>
    </Filter>
  </ItemGroup>
  <ItemGroup>
    <ClInclude Include="All.h">
      <Filter>Header Files</Filter>
    </ClInclude>
    <ClInclude Include="Graphics.h">
      <Filter>Header Files\Graphics</Filter>
    </ClInclude>
    <ClInclude Include="Input.h">
      <Filter>Header Files\Input</Filter>
    </ClInclude>
    <ClInclude Include="GraphicsText.h">
      <Filter>Header Files\Utility</Filter>
    </ClInclude>
    <ClInclude Include="Game.h">
      <Filter>Header Files\Game</Filter>
    </ClInclude>
    <ClInclude Include="Utility.h">
      <Filter>Header Files\Utility</Filter>
    </ClInclude>
  </ItemGroup>
  <ItemGroup>
    <ClCompile Include="Graphics.cpp">
      <Filter>Source Files\Graphics</Filter>
    </ClCompile>
    <ClCompile Include="Input.cpp">
      <Filter>Source Files\Input</Filter>
    </ClCompile>
    <ClCompile Include="GraphicsText.cpp">
      <Filter>Source Files\Utility</Filter>
    </ClCompile>
    <ClCompile Include="Game.cpp">
      <Filter>Source Files\Game</Filter>
    </ClCompile>
    <ClCompile Include="Utility.cpp">
      <Filter>Source Files\Utility</Filter>
    </ClCompile>
  </ItemGroup>
  <ItemGroup>
    <Image Include="Numbers.bmp">
      <Filter>Resource Files</Filter>
    </Image>
  </ItemGroup>
</Project>